// !$*UTF8*$!
{
	archiveVersion = 1;
	classes = {
	};
	objectVersion = 50;
	objects = {

/* Begin PBXBuildFile section */
		D912F7A22555B72D00944235 /* StateWaveView.swift in Sources */ = {isa = PBXBuildFile; fileRef = D912F7A12555B72D00944235 /* StateWaveView.swift */; };
		D912F7A52555B7F500944235 /* ScheduleView.swift in Sources */ = {isa = PBXBuildFile; fileRef = D912F7A42555B7F500944235 /* ScheduleView.swift */; };
		D912F7A825590EA200944235 /* AlertView.swift in Sources */ = {isa = PBXBuildFile; fileRef = D912F7A725590EA200944235 /* AlertView.swift */; };
		D912F7AB25591B0A00944235 /* ButtonsView.swift in Sources */ = {isa = PBXBuildFile; fileRef = D912F7AA25591B0A00944235 /* ButtonsView.swift */; };
		D912F7AE25591C1600944235 /* Capacities.swift in Sources */ = {isa = PBXBuildFile; fileRef = D912F7AD25591C1600944235 /* Capacities.swift */; };
		D912F7B125592A2000944235 /* DailyCupsView.swift in Sources */ = {isa = PBXBuildFile; fileRef = D912F7B025592A2000944235 /* DailyCupsView.swift */; };
		D912F7B425592A3E00944235 /* DailyGoalView.swift in Sources */ = {isa = PBXBuildFile; fileRef = D912F7B325592A3E00944235 /* DailyGoalView.swift */; };
		D912F7B825592B5E00944235 /* StatisticButton.swift in Sources */ = {isa = PBXBuildFile; fileRef = D912F7B725592B5E00944235 /* StatisticButton.swift */; };
		D912F7BB25592B8200944235 /* SettingsButton.swift in Sources */ = {isa = PBXBuildFile; fileRef = D912F7BA25592B8200944235 /* SettingsButton.swift */; };
		D912F7C2255C4DEE00944235 /* MonthlyReportView.swift in Sources */ = {isa = PBXBuildFile; fileRef = D912F7C1255C4DEE00944235 /* MonthlyReportView.swift */; };
		D919A38C254DABCA003C3F42 /* CupScheduleView.swift in Sources */ = {isa = PBXBuildFile; fileRef = D919A38B254DABCA003C3F42 /* CupScheduleView.swift */; };
		D919A391254DBFC9003C3F42 /* RoundedCorner.swift in Sources */ = {isa = PBXBuildFile; fileRef = D919A390254DBFC8003C3F42 /* RoundedCorner.swift */; };
		D9643ADB255FF41C009A32C4 /* DayPercentView.swift in Sources */ = {isa = PBXBuildFile; fileRef = D9643ADA255FF41C009A32C4 /* DayPercentView.swift */; };
		D973E85B254BACF50017FD6A /* WaveView.swift in Sources */ = {isa = PBXBuildFile; fileRef = D973E85A254BACF50017FD6A /* WaveView.swift */; };
		D998C5842553E200006E71FE /* Text.swift in Sources */ = {isa = PBXBuildFile; fileRef = D998C5832553E200006E71FE /* Text.swift */; };
		D998C58D2553E362006E71FE /* Constants.swift in Sources */ = {isa = PBXBuildFile; fileRef = D998C58C2553E362006E71FE /* Constants.swift */; };
		D9BA60F42561015A0058D719 /* DailyLog.swift in Sources */ = {isa = PBXBuildFile; fileRef = D9BA60F32561015A0058D719 /* DailyLog.swift */; };
		D9BA60F9256102890058D719 /* DailyDrink.swift in Sources */ = {isa = PBXBuildFile; fileRef = D9BA60F8256102890058D719 /* DailyDrink.swift */; };
		D9BA6102256119990058D719 /* DailyLogView.swift in Sources */ = {isa = PBXBuildFile; fileRef = D9BA6101256119990058D719 /* DailyLogView.swift */; };
		D9BA610F2562401C0058D719 /* TestsView.swift in Sources */ = {isa = PBXBuildFile; fileRef = D9BA610E2562401C0058D719 /* TestsView.swift */; };
		D9D86D5E254B104F001EDFF1 /* WaterApp.swift in Sources */ = {isa = PBXBuildFile; fileRef = D9D86D5D254B104F001EDFF1 /* WaterApp.swift */; };
		D9D86D60254B104F001EDFF1 /* MainView.swift in Sources */ = {isa = PBXBuildFile; fileRef = D9D86D5F254B104F001EDFF1 /* MainView.swift */; };
		D9D86D62254B1050001EDFF1 /* Assets.xcassets in Resources */ = {isa = PBXBuildFile; fileRef = D9D86D61254B1050001EDFF1 /* Assets.xcassets */; };
		D9D86D65254B1050001EDFF1 /* Preview Assets.xcassets in Resources */ = {isa = PBXBuildFile; fileRef = D9D86D64254B1050001EDFF1 /* Preview Assets.xcassets */; };
		D9D86D67254B1050001EDFF1 /* Persistence.swift in Sources */ = {isa = PBXBuildFile; fileRef = D9D86D66254B1050001EDFF1 /* Persistence.swift */; };
		D9D86D6A254B1050001EDFF1 /* WaterApp.xcdatamodeld in Sources */ = {isa = PBXBuildFile; fileRef = D9D86D68254B1050001EDFF1 /* WaterApp.xcdatamodeld */; };
		D9FE74062562EF4100BD5D01 /* ProgressRectangleView.swift in Sources */ = {isa = PBXBuildFile; fileRef = D9FE74052562EF4100BD5D01 /* ProgressRectangleView.swift */; };
/* End PBXBuildFile section */

/* Begin PBXFileReference section */
		D912F7A12555B72D00944235 /* StateWaveView.swift */ = {isa = PBXFileReference; lastKnownFileType = sourcecode.swift; path = StateWaveView.swift; sourceTree = "<group>"; };
		D912F7A42555B7F500944235 /* ScheduleView.swift */ = {isa = PBXFileReference; lastKnownFileType = sourcecode.swift; path = ScheduleView.swift; sourceTree = "<group>"; };
		D912F7A725590EA200944235 /* AlertView.swift */ = {isa = PBXFileReference; lastKnownFileType = sourcecode.swift; path = AlertView.swift; sourceTree = "<group>"; };
		D912F7AA25591B0A00944235 /* ButtonsView.swift */ = {isa = PBXFileReference; lastKnownFileType = sourcecode.swift; path = ButtonsView.swift; sourceTree = "<group>"; };
		D912F7AD25591C1600944235 /* Capacities.swift */ = {isa = PBXFileReference; lastKnownFileType = sourcecode.swift; path = Capacities.swift; sourceTree = "<group>"; };
		D912F7B025592A2000944235 /* DailyCupsView.swift */ = {isa = PBXFileReference; lastKnownFileType = sourcecode.swift; path = DailyCupsView.swift; sourceTree = "<group>"; };
		D912F7B325592A3E00944235 /* DailyGoalView.swift */ = {isa = PBXFileReference; lastKnownFileType = sourcecode.swift; path = DailyGoalView.swift; sourceTree = "<group>"; };
		D912F7B725592B5E00944235 /* StatisticButton.swift */ = {isa = PBXFileReference; lastKnownFileType = sourcecode.swift; path = StatisticButton.swift; sourceTree = "<group>"; };
		D912F7BA25592B8200944235 /* SettingsButton.swift */ = {isa = PBXFileReference; lastKnownFileType = sourcecode.swift; path = SettingsButton.swift; sourceTree = "<group>"; };
		D912F7C1255C4DEE00944235 /* MonthlyReportView.swift */ = {isa = PBXFileReference; lastKnownFileType = sourcecode.swift; path = MonthlyReportView.swift; sourceTree = "<group>"; };
		D919A38B254DABCA003C3F42 /* CupScheduleView.swift */ = {isa = PBXFileReference; lastKnownFileType = sourcecode.swift; path = CupScheduleView.swift; sourceTree = "<group>"; };
		D919A390254DBFC8003C3F42 /* RoundedCorner.swift */ = {isa = PBXFileReference; lastKnownFileType = sourcecode.swift; path = RoundedCorner.swift; sourceTree = "<group>"; };
		D9643ADA255FF41C009A32C4 /* DayPercentView.swift */ = {isa = PBXFileReference; lastKnownFileType = sourcecode.swift; path = DayPercentView.swift; sourceTree = "<group>"; };
		D973E85A254BACF50017FD6A /* WaveView.swift */ = {isa = PBXFileReference; lastKnownFileType = sourcecode.swift; path = WaveView.swift; sourceTree = "<group>"; };
		D998C5832553E200006E71FE /* Text.swift */ = {isa = PBXFileReference; lastKnownFileType = sourcecode.swift; path = Text.swift; sourceTree = "<group>"; };
		D998C58C2553E362006E71FE /* Constants.swift */ = {isa = PBXFileReference; lastKnownFileType = sourcecode.swift; path = Constants.swift; sourceTree = "<group>"; };
		D9BA60F32561015A0058D719 /* DailyLog.swift */ = {isa = PBXFileReference; lastKnownFileType = sourcecode.swift; path = DailyLog.swift; sourceTree = "<group>"; };
		D9BA60F8256102890058D719 /* DailyDrink.swift */ = {isa = PBXFileReference; lastKnownFileType = sourcecode.swift; path = DailyDrink.swift; sourceTree = "<group>"; };
		D9BA6101256119990058D719 /* DailyLogView.swift */ = {isa = PBXFileReference; lastKnownFileType = sourcecode.swift; path = DailyLogView.swift; sourceTree = "<group>"; };
		D9BA610E2562401C0058D719 /* TestsView.swift */ = {isa = PBXFileReference; lastKnownFileType = sourcecode.swift; path = TestsView.swift; sourceTree = "<group>"; };
		D9D86D5A254B104F001EDFF1 /* WaterApp.app */ = {isa = PBXFileReference; explicitFileType = wrapper.application; includeInIndex = 0; path = WaterApp.app; sourceTree = BUILT_PRODUCTS_DIR; };
		D9D86D5D254B104F001EDFF1 /* WaterApp.swift */ = {isa = PBXFileReference; lastKnownFileType = sourcecode.swift; path = WaterApp.swift; sourceTree = "<group>"; };
		D9D86D5F254B104F001EDFF1 /* MainView.swift */ = {isa = PBXFileReference; lastKnownFileType = sourcecode.swift; path = MainView.swift; sourceTree = "<group>"; };
		D9D86D61254B1050001EDFF1 /* Assets.xcassets */ = {isa = PBXFileReference; lastKnownFileType = folder.assetcatalog; path = Assets.xcassets; sourceTree = "<group>"; };
		D9D86D64254B1050001EDFF1 /* Preview Assets.xcassets */ = {isa = PBXFileReference; lastKnownFileType = folder.assetcatalog; path = "Preview Assets.xcassets"; sourceTree = "<group>"; };
		D9D86D66254B1050001EDFF1 /* Persistence.swift */ = {isa = PBXFileReference; lastKnownFileType = sourcecode.swift; path = Persistence.swift; sourceTree = "<group>"; };
		D9D86D69254B1050001EDFF1 /* WaterApp.xcdatamodel */ = {isa = PBXFileReference; lastKnownFileType = wrapper.xcdatamodel; path = WaterApp.xcdatamodel; sourceTree = "<group>"; };
		D9D86D6B254B1050001EDFF1 /* Info.plist */ = {isa = PBXFileReference; lastKnownFileType = text.plist.xml; path = Info.plist; sourceTree = "<group>"; };
		D9FE74052562EF4100BD5D01 /* ProgressRectangleView.swift */ = {isa = PBXFileReference; lastKnownFileType = sourcecode.swift; path = ProgressRectangleView.swift; sourceTree = "<group>"; };
/* End PBXFileReference section */

/* Begin PBXFrameworksBuildPhase section */
		D9D86D57254B104F001EDFF1 /* Frameworks */ = {
			isa = PBXFrameworksBuildPhase;
			buildActionMask = 2147483647;
			files = (
			);
			runOnlyForDeploymentPostprocessing = 0;
		};
/* End PBXFrameworksBuildPhase section */

/* Begin PBXGroup section */
		D912F7C0255C4DB900944235 /* StatisticsView */ = {
			isa = PBXGroup;
			children = (
				D912F7C1255C4DEE00944235 /* MonthlyReportView.swift */,
				D9643AD9255FF3BA009A32C4 /* WeeklyStatistic */,
			);
			path = StatisticsView;
			sourceTree = "<group>";
		};
		D919A38A254DABBC003C3F42 /* Views */ = {
			isa = PBXGroup;
			children = (
				D9BA610725623C860058D719 /* Common */,
				D9BA610D256240100058D719 /* Tests */,
				D9BA60FB256119430058D719 /* DailyLog */,
				D912F7C0255C4DB900944235 /* StatisticsView */,
				D998C5812553E1A5006E71FE /* MainView */,
			);
			path = Views;
			sourceTree = "<group>";
		};
		D919A38F254DBFB2003C3F42 /* Helpers */ = {
			isa = PBXGroup;
			children = (
				D919A390254DBFC8003C3F42 /* RoundedCorner.swift */,
			);
			path = Helpers;
			sourceTree = "<group>";
		};
		D9643AD9255FF3BA009A32C4 /* WeeklyStatistic */ = {
			isa = PBXGroup;
			children = (
				D9643ADA255FF41C009A32C4 /* DayPercentView.swift */,
				D9FE74052562EF4100BD5D01 /* ProgressRectangleView.swift */,
			);
			path = WeeklyStatistic;
			sourceTree = "<group>";
		};
		D9643ADE25600422009A32C4 /* Resources */ = {
			isa = PBXGroup;
			children = (
				D9D86D61254B1050001EDFF1 /* Assets.xcassets */,
			);
			path = Resources;
			sourceTree = "<group>";
		};
		D998C5812553E1A5006E71FE /* MainView */ = {
			isa = PBXGroup;
			children = (
				D973E85A254BACF50017FD6A /* WaveView.swift */,
				D9D86D5F254B104F001EDFF1 /* MainView.swift */,
				D912F7B325592A3E00944235 /* DailyGoalView.swift */,
				D912F7A12555B72D00944235 /* StateWaveView.swift */,
				D912F7A42555B7F500944235 /* ScheduleView.swift */,
				D912F7A725590EA200944235 /* AlertView.swift */,
				D912F7AA25591B0A00944235 /* ButtonsView.swift */,
				D912F7B025592A2000944235 /* DailyCupsView.swift */,
				D912F7B725592B5E00944235 /* StatisticButton.swift */,
				D912F7BA25592B8200944235 /* SettingsButton.swift */,
			);
			path = MainView;
			sourceTree = "<group>";
		};
		D998C5822553E1F0006E71FE /* Extensions */ = {
			isa = PBXGroup;
			children = (
				D998C5832553E200006E71FE /* Text.swift */,
			);
			path = Extensions;
			sourceTree = "<group>";
		};
		D998C58B2553E349006E71FE /* Base */ = {
			isa = PBXGroup;
			children = (
				D998C58C2553E362006E71FE /* Constants.swift */,
				D912F7AD25591C1600944235 /* Capacities.swift */,
			);
			path = Base;
			sourceTree = "<group>";
		};
		D9BA60F22560FF300058D719 /* Models */ = {
			isa = PBXGroup;
			children = (
				D9BA60F32561015A0058D719 /* DailyLog.swift */,
				D9BA60F8256102890058D719 /* DailyDrink.swift */,
			);
			path = Models;
			sourceTree = "<group>";
		};
		D9BA60FB256119430058D719 /* DailyLog */ = {
			isa = PBXGroup;
			children = (
				D9BA6101256119990058D719 /* DailyLogView.swift */,
			);
			path = DailyLog;
			sourceTree = "<group>";
		};
		D9BA610725623C860058D719 /* Common */ = {
			isa = PBXGroup;
			children = (
				D919A38B254DABCA003C3F42 /* CupScheduleView.swift */,
			);
			path = Common;
			sourceTree = "<group>";
		};
		D9BA610925623F440058D719 /* StartUp */ = {
			isa = PBXGroup;
			children = (
				D9D86D5D254B104F001EDFF1 /* WaterApp.swift */,
			);
			path = StartUp;
			sourceTree = "<group>";
		};
		D9BA610A25623F590058D719 /* SupportFiles */ = {
			isa = PBXGroup;
			children = (
				D9D86D6B254B1050001EDFF1 /* Info.plist */,
			);
			path = SupportFiles;
			sourceTree = "<group>";
		};
		D9BA610B25623F770058D719 /* CoreData */ = {
			isa = PBXGroup;
			children = (
				D9D86D66254B1050001EDFF1 /* Persistence.swift */,
				D9D86D68254B1050001EDFF1 /* WaterApp.xcdatamodeld */,
			);
			path = CoreData;
			sourceTree = "<group>";
		};
		D9BA610D256240100058D719 /* Tests */ = {
			isa = PBXGroup;
			children = (
				D9BA610E2562401C0058D719 /* TestsView.swift */,
			);
			path = Tests;
			sourceTree = "<group>";
		};
		D9D86D51254B104F001EDFF1 = {
			isa = PBXGroup;
			children = (
				D9D86D5C254B104F001EDFF1 /* WaterApp */,
				D9D86D5B254B104F001EDFF1 /* Products */,
			);
			sourceTree = "<group>";
		};
		D9D86D5B254B104F001EDFF1 /* Products */ = {
			isa = PBXGroup;
			children = (
				D9D86D5A254B104F001EDFF1 /* WaterApp.app */,
			);
			name = Products;
			sourceTree = "<group>";
		};
		D9D86D5C254B104F001EDFF1 /* WaterApp */ = {
			isa = PBXGroup;
			children = (
				D9BA610B25623F770058D719 /* CoreData */,
				D9BA610A25623F590058D719 /* SupportFiles */,
				D9BA610925623F440058D719 /* StartUp */,
				D9BA60F22560FF300058D719 /* Models */,
				D9643ADE25600422009A32C4 /* Resources */,
				D998C58B2553E349006E71FE /* Base */,
				D998C5822553E1F0006E71FE /* Extensions */,
				D919A38F254DBFB2003C3F42 /* Helpers */,
				D919A38A254DABBC003C3F42 /* Views */,
				D9D86D63254B1050001EDFF1 /* Preview Content */,
			);
			path = WaterApp;
			sourceTree = "<group>";
		};
		D9D86D63254B1050001EDFF1 /* Preview Content */ = {
			isa = PBXGroup;
			children = (
				D9D86D64254B1050001EDFF1 /* Preview Assets.xcassets */,
			);
			path = "Preview Content";
			sourceTree = "<group>";
		};
/* End PBXGroup section */

/* Begin PBXNativeTarget section */
		D9D86D59254B104F001EDFF1 /* WaterApp */ = {
			isa = PBXNativeTarget;
			buildConfigurationList = D9D86D6E254B1050001EDFF1 /* Build configuration list for PBXNativeTarget "WaterApp" */;
			buildPhases = (
				D9D86D56254B104F001EDFF1 /* Sources */,
				D9D86D57254B104F001EDFF1 /* Frameworks */,
				D9D86D58254B104F001EDFF1 /* Resources */,
			);
			buildRules = (
			);
			dependencies = (
			);
			name = WaterApp;
			productName = WaterApp;
			productReference = D9D86D5A254B104F001EDFF1 /* WaterApp.app */;
			productType = "com.apple.product-type.application";
		};
/* End PBXNativeTarget section */

/* Begin PBXProject section */
		D9D86D52254B104F001EDFF1 /* Project object */ = {
			isa = PBXProject;
			attributes = {
				LastSwiftUpdateCheck = 1210;
				LastUpgradeCheck = 1210;
				TargetAttributes = {
					D9D86D59254B104F001EDFF1 = {
						CreatedOnToolsVersion = 12.1;
					};
				};
			};
			buildConfigurationList = D9D86D55254B104F001EDFF1 /* Build configuration list for PBXProject "WaterApp" */;
			compatibilityVersion = "Xcode 9.3";
			developmentRegion = en;
			hasScannedForEncodings = 0;
			knownRegions = (
				en,
				Base,
			);
			mainGroup = D9D86D51254B104F001EDFF1;
			productRefGroup = D9D86D5B254B104F001EDFF1 /* Products */;
			projectDirPath = "";
			projectRoot = "";
			targets = (
				D9D86D59254B104F001EDFF1 /* WaterApp */,
			);
		};
/* End PBXProject section */

/* Begin PBXResourcesBuildPhase section */
		D9D86D58254B104F001EDFF1 /* Resources */ = {
			isa = PBXResourcesBuildPhase;
			buildActionMask = 2147483647;
			files = (
				D9D86D65254B1050001EDFF1 /* Preview Assets.xcassets in Resources */,
				D9D86D62254B1050001EDFF1 /* Assets.xcassets in Resources */,
			);
			runOnlyForDeploymentPostprocessing = 0;
		};
/* End PBXResourcesBuildPhase section */

/* Begin PBXSourcesBuildPhase section */
		D9D86D56254B104F001EDFF1 /* Sources */ = {
			isa = PBXSourcesBuildPhase;
			buildActionMask = 2147483647;
			files = (
				D9FE74062562EF4100BD5D01 /* ProgressRectangleView.swift in Sources */,
				D998C58D2553E362006E71FE /* Constants.swift in Sources */,
				D912F7AE25591C1600944235 /* Capacities.swift in Sources */,
				D919A391254DBFC9003C3F42 /* RoundedCorner.swift in Sources */,
				D912F7A52555B7F500944235 /* ScheduleView.swift in Sources */,
				D9D86D67254B1050001EDFF1 /* Persistence.swift in Sources */,
				D912F7A825590EA200944235 /* AlertView.swift in Sources */,
				D912F7B125592A2000944235 /* DailyCupsView.swift in Sources */,
				D912F7AB25591B0A00944235 /* ButtonsView.swift in Sources */,
				D973E85B254BACF50017FD6A /* WaveView.swift in Sources */,
				D912F7B825592B5E00944235 /* StatisticButton.swift in Sources */,
				D912F7BB25592B8200944235 /* SettingsButton.swift in Sources */,
				D998C5842553E200006E71FE /* Text.swift in Sources */,
				D9D86D6A254B1050001EDFF1 /* WaterApp.xcdatamodeld in Sources */,
				D912F7B425592A3E00944235 /* DailyGoalView.swift in Sources */,
				D9D86D60254B104F001EDFF1 /* MainView.swift in Sources */,
				D9643ADB255FF41C009A32C4 /* DayPercentView.swift in Sources */,
				D9BA610F2562401C0058D719 /* TestsView.swift in Sources */,
				D912F7C2255C4DEE00944235 /* MonthlyReportView.swift in Sources */,
				D912F7A22555B72D00944235 /* StateWaveView.swift in Sources */,
				D9BA60F42561015A0058D719 /* DailyLog.swift in Sources */,
				D919A38C254DABCA003C3F42 /* CupScheduleView.swift in Sources */,
				D9BA6102256119990058D719 /* DailyLogView.swift in Sources */,
				D9BA60F9256102890058D719 /* DailyDrink.swift in Sources */,
				D9D86D5E254B104F001EDFF1 /* WaterApp.swift in Sources */,
			);
			runOnlyForDeploymentPostprocessing = 0;
		};
/* End PBXSourcesBuildPhase section */

/* Begin XCBuildConfiguration section */
		D9D86D6C254B1050001EDFF1 /* Debug */ = {
			isa = XCBuildConfiguration;
			buildSettings = {
				ALWAYS_SEARCH_USER_PATHS = NO;
				CLANG_ANALYZER_NONNULL = YES;
				CLANG_ANALYZER_NUMBER_OBJECT_CONVERSION = YES_AGGRESSIVE;
				CLANG_CXX_LANGUAGE_STANDARD = "gnu++14";
				CLANG_CXX_LIBRARY = "libc++";
				CLANG_ENABLE_MODULES = YES;
				CLANG_ENABLE_OBJC_ARC = YES;
				CLANG_ENABLE_OBJC_WEAK = YES;
				CLANG_WARN_BLOCK_CAPTURE_AUTORELEASING = YES;
				CLANG_WARN_BOOL_CONVERSION = YES;
				CLANG_WARN_COMMA = YES;
				CLANG_WARN_CONSTANT_CONVERSION = YES;
				CLANG_WARN_DEPRECATED_OBJC_IMPLEMENTATIONS = YES;
				CLANG_WARN_DIRECT_OBJC_ISA_USAGE = YES_ERROR;
				CLANG_WARN_DOCUMENTATION_COMMENTS = YES;
				CLANG_WARN_EMPTY_BODY = YES;
				CLANG_WARN_ENUM_CONVERSION = YES;
				CLANG_WARN_INFINITE_RECURSION = YES;
				CLANG_WARN_INT_CONVERSION = YES;
				CLANG_WARN_NON_LITERAL_NULL_CONVERSION = YES;
				CLANG_WARN_OBJC_IMPLICIT_RETAIN_SELF = YES;
				CLANG_WARN_OBJC_LITERAL_CONVERSION = YES;
				CLANG_WARN_OBJC_ROOT_CLASS = YES_ERROR;
				CLANG_WARN_QUOTED_INCLUDE_IN_FRAMEWORK_HEADER = YES;
				CLANG_WARN_RANGE_LOOP_ANALYSIS = YES;
				CLANG_WARN_STRICT_PROTOTYPES = YES;
				CLANG_WARN_SUSPICIOUS_MOVE = YES;
				CLANG_WARN_UNGUARDED_AVAILABILITY = YES_AGGRESSIVE;
				CLANG_WARN_UNREACHABLE_CODE = YES;
				CLANG_WARN__DUPLICATE_METHOD_MATCH = YES;
				COPY_PHASE_STRIP = NO;
				DEBUG_INFORMATION_FORMAT = dwarf;
				ENABLE_STRICT_OBJC_MSGSEND = YES;
				ENABLE_TESTABILITY = YES;
				GCC_C_LANGUAGE_STANDARD = gnu11;
				GCC_DYNAMIC_NO_PIC = NO;
				GCC_NO_COMMON_BLOCKS = YES;
				GCC_OPTIMIZATION_LEVEL = 0;
				GCC_PREPROCESSOR_DEFINITIONS = (
					"DEBUG=1",
					"$(inherited)",
				);
				GCC_WARN_64_TO_32_BIT_CONVERSION = YES;
				GCC_WARN_ABOUT_RETURN_TYPE = YES_ERROR;
				GCC_WARN_UNDECLARED_SELECTOR = YES;
				GCC_WARN_UNINITIALIZED_AUTOS = YES_AGGRESSIVE;
				GCC_WARN_UNUSED_FUNCTION = YES;
				GCC_WARN_UNUSED_VARIABLE = YES;
				IPHONEOS_DEPLOYMENT_TARGET = 14.1;
				MTL_ENABLE_DEBUG_INFO = INCLUDE_SOURCE;
				MTL_FAST_MATH = YES;
				ONLY_ACTIVE_ARCH = YES;
				SDKROOT = iphoneos;
				SWIFT_ACTIVE_COMPILATION_CONDITIONS = DEBUG;
				SWIFT_OPTIMIZATION_LEVEL = "-Onone";
				SWIFT_VERSION = 5.0;
			};
			name = Debug;
		};
		D9D86D6D254B1050001EDFF1 /* Release */ = {
			isa = XCBuildConfiguration;
			buildSettings = {
				ALWAYS_SEARCH_USER_PATHS = NO;
				CLANG_ANALYZER_NONNULL = YES;
				CLANG_ANALYZER_NUMBER_OBJECT_CONVERSION = YES_AGGRESSIVE;
				CLANG_CXX_LANGUAGE_STANDARD = "gnu++14";
				CLANG_CXX_LIBRARY = "libc++";
				CLANG_ENABLE_MODULES = YES;
				CLANG_ENABLE_OBJC_ARC = YES;
				CLANG_ENABLE_OBJC_WEAK = YES;
				CLANG_WARN_BLOCK_CAPTURE_AUTORELEASING = YES;
				CLANG_WARN_BOOL_CONVERSION = YES;
				CLANG_WARN_COMMA = YES;
				CLANG_WARN_CONSTANT_CONVERSION = YES;
				CLANG_WARN_DEPRECATED_OBJC_IMPLEMENTATIONS = YES;
				CLANG_WARN_DIRECT_OBJC_ISA_USAGE = YES_ERROR;
				CLANG_WARN_DOCUMENTATION_COMMENTS = YES;
				CLANG_WARN_EMPTY_BODY = YES;
				CLANG_WARN_ENUM_CONVERSION = YES;
				CLANG_WARN_INFINITE_RECURSION = YES;
				CLANG_WARN_INT_CONVERSION = YES;
				CLANG_WARN_NON_LITERAL_NULL_CONVERSION = YES;
				CLANG_WARN_OBJC_IMPLICIT_RETAIN_SELF = YES;
				CLANG_WARN_OBJC_LITERAL_CONVERSION = YES;
				CLANG_WARN_OBJC_ROOT_CLASS = YES_ERROR;
				CLANG_WARN_QUOTED_INCLUDE_IN_FRAMEWORK_HEADER = YES;
				CLANG_WARN_RANGE_LOOP_ANALYSIS = YES;
				CLANG_WARN_STRICT_PROTOTYPES = YES;
				CLANG_WARN_SUSPICIOUS_MOVE = YES;
				CLANG_WARN_UNGUARDED_AVAILABILITY = YES_AGGRESSIVE;
				CLANG_WARN_UNREACHABLE_CODE = YES;
				CLANG_WARN__DUPLICATE_METHOD_MATCH = YES;
				COPY_PHASE_STRIP = NO;
				DEBUG_INFORMATION_FORMAT = "dwarf-with-dsym";
				ENABLE_NS_ASSERTIONS = NO;
				ENABLE_STRICT_OBJC_MSGSEND = YES;
				GCC_C_LANGUAGE_STANDARD = gnu11;
				GCC_NO_COMMON_BLOCKS = YES;
				GCC_WARN_64_TO_32_BIT_CONVERSION = YES;
				GCC_WARN_ABOUT_RETURN_TYPE = YES_ERROR;
				GCC_WARN_UNDECLARED_SELECTOR = YES;
				GCC_WARN_UNINITIALIZED_AUTOS = YES_AGGRESSIVE;
				GCC_WARN_UNUSED_FUNCTION = YES;
				GCC_WARN_UNUSED_VARIABLE = YES;
				IPHONEOS_DEPLOYMENT_TARGET = 14.1;
				MTL_ENABLE_DEBUG_INFO = NO;
				MTL_FAST_MATH = YES;
				SDKROOT = iphoneos;
				SWIFT_COMPILATION_MODE = wholemodule;
				SWIFT_OPTIMIZATION_LEVEL = "-O";
				SWIFT_VERSION = 5.0;
				VALIDATE_PRODUCT = YES;
			};
			name = Release;
		};
		D9D86D6F254B1050001EDFF1 /* Debug */ = {
			isa = XCBuildConfiguration;
			buildSettings = {
				ASSETCATALOG_COMPILER_APPICON_NAME = AppIcon;
				ASSETCATALOG_COMPILER_GLOBAL_ACCENT_COLOR_NAME = AccentColor;
				CODE_SIGN_STYLE = Automatic;
				DEVELOPMENT_ASSET_PATHS = "\"WaterApp/Preview Content\"";
				DEVELOPMENT_TEAM = MT83Z9G3C6;
				ENABLE_PREVIEWS = YES;
				INFOPLIST_FILE = WaterApp/SupportFiles/Info.plist;
				IPHONEOS_DEPLOYMENT_TARGET = 14.0;
				LD_RUNPATH_SEARCH_PATHS = (
					"$(inherited)",
					"@executable_path/Frameworks",
				);
				PRODUCT_BUNDLE_IDENTIFIER = my.aiur.WaterApp;
				PRODUCT_NAME = "$(TARGET_NAME)";
				SWIFT_VERSION = 5.0;
				TARGETED_DEVICE_FAMILY = "1,2";
			};
			name = Debug;
		};
		D9D86D70254B1050001EDFF1 /* Release */ = {
			isa = XCBuildConfiguration;
			buildSettings = {
				ASSETCATALOG_COMPILER_APPICON_NAME = AppIcon;
				ASSETCATALOG_COMPILER_GLOBAL_ACCENT_COLOR_NAME = AccentColor;
				CODE_SIGN_STYLE = Automatic;
				DEVELOPMENT_ASSET_PATHS = "\"WaterApp/Preview Content\"";
				DEVELOPMENT_TEAM = MT83Z9G3C6;
				ENABLE_PREVIEWS = YES;
				INFOPLIST_FILE = WaterApp/SupportFiles/Info.plist;
				IPHONEOS_DEPLOYMENT_TARGET = 14.0;
				LD_RUNPATH_SEARCH_PATHS = (
					"$(inherited)",
					"@executable_path/Frameworks",
				);
				PRODUCT_BUNDLE_IDENTIFIER = my.aiur.WaterApp;
				PRODUCT_NAME = "$(TARGET_NAME)";
				SWIFT_VERSION = 5.0;
				TARGETED_DEVICE_FAMILY = "1,2";
			};
			name = Release;
		};
/* End XCBuildConfiguration section */

/* Begin XCConfigurationList section */
		D9D86D55254B104F001EDFF1 /* Build configuration list for PBXProject "WaterApp" */ = {
			isa = XCConfigurationList;
			buildConfigurations = (
				D9D86D6C254B1050001EDFF1 /* Debug */,
				D9D86D6D254B1050001EDFF1 /* Release */,
			);
			defaultConfigurationIsVisible = 0;
			defaultConfigurationName = Release;
		};
		D9D86D6E254B1050001EDFF1 /* Build configuration list for PBXNativeTarget "WaterApp" */ = {
			isa = XCConfigurationList;
			buildConfigurations = (
				D9D86D6F254B1050001EDFF1 /* Debug */,
				D9D86D70254B1050001EDFF1 /* Release */,
			);
			defaultConfigurationIsVisible = 0;
			defaultConfigurationName = Release;
		};
/* End XCConfigurationList section */

/* Begin XCVersionGroup section */
		D9D86D68254B1050001EDFF1 /* WaterApp.xcdatamodeld */ = {
			isa = XCVersionGroup;
			children = (
				D9D86D69254B1050001EDFF1 /* WaterApp.xcdatamodel */,
			);
			currentVersion = D9D86D69254B1050001EDFF1 /* WaterApp.xcdatamodel */;
			path = WaterApp.xcdatamodeld;
			sourceTree = "<group>";
			versionGroupType = wrapper.xcdatamodel;
		};
/* End XCVersionGroup section */
	};
	rootObject = D9D86D52254B104F001EDFF1 /* Project object */;
}
